
Microsoft Visual Studio Solution File, Format Version 12.00
# Visual Studio Version 17
VisualStudioVersion = 17.12.35707.178 d17.12
MinimumVisualStudioVersion = 10.0.40219.1
Project("{FAE04EC0-301F-11D3-BF4B-00C04F79EFBC}") = "HospitalManagementSystem", "HospitalManagementSystem.csproj", "{73B8DBD2-52D6-49F3-9C63-37D051E52DE7}"
EndProject
Project("{FAE04EC0-301F-11D3-BF4B-00C04F79EFBC}") = "HospitalManagementSystem.Core", "..\HospitalManagementSystem.Core\HospitalManagementSystem.Core.csproj", "{87F22C8B-96CD-4D32-9EAB-758CF0C47B2E}"
EndProject
Project("{FAE04EC0-301F-11D3-BF4B-00C04F79EFBC}") = "HospitalManagementSystem.Repository", "..\HospitalManagementSystem.Repository\HospitalManagementSystem.Repository.csproj", "{55D8A389-B811-4430-A902-B27921B7E4C7}"
EndProject
Project("{FAE04EC0-301F-11D3-BF4B-00C04F79EFBC}") = "HospitalManagementSystem.Services", "..\HospitalManagementSystem.Services\HospitalManagementSystem.Services.csproj", "{B86DC226-E07C-496F-A5D0-45F07CA79AAE}"
EndProject
Global
	GlobalSection(SolutionConfigurationPlatforms) = preSolution
		Debug|Any CPU = Debug|Any CPU
		Release|Any CPU = Release|Any CPU
	EndGlobalSection
	GlobalSection(ProjectConfigurationPlatforms) = postSolution
		{73B8DBD2-52D6-49F3-9C63-37D051E52DE7}.Debug|Any CPU.ActiveCfg = Debug|Any CPU
		{73B8DBD2-52D6-49F3-9C63-37D051E52DE7}.Debug|Any CPU.Build.0 = Debug|Any CPU
		{73B8DBD2-52D6-49F3-9C63-37D051E52DE7}.Release|Any CPU.ActiveCfg = Release|Any CPU
		{73B8DBD2-52D6-49F3-9C63-37D051E52DE7}.Release|Any CPU.Build.0 = Release|Any CPU
		{87F22C8B-96CD-4D32-9EAB-758CF0C47B2E}.Debug|Any CPU.ActiveCfg = Debug|Any CPU
		{87F22C8B-96CD-4D32-9EAB-758CF0C47B2E}.Debug|Any CPU.Build.0 = Debug|Any CPU
		{87F22C8B-96CD-4D32-9EAB-758CF0C47B2E}.Release|Any CPU.ActiveCfg = Release|Any CPU
		{87F22C8B-96CD-4D32-9EAB-758CF0C47B2E}.Release|Any CPU.Build.0 = Release|Any CPU
		{55D8A389-B811-4430-A902-B27921B7E4C7}.Debug|Any CPU.ActiveCfg = Debug|Any CPU
		{55D8A389-B811-4430-A902-B27921B7E4C7}.Debug|Any CPU.Build.0 = Debug|Any CPU
		{55D8A389-B811-4430-A902-B27921B7E4C7}.Release|Any CPU.ActiveCfg = Release|Any CPU
		{55D8A389-B811-4430-A902-B27921B7E4C7}.Release|Any CPU.Build.0 = Release|Any CPU
		{B86DC226-E07C-496F-A5D0-45F07CA79AAE}.Debug|Any CPU.ActiveCfg = Debug|Any CPU
		{B86DC226-E07C-496F-A5D0-45F07CA79AAE}.Debug|Any CPU.Build.0 = Debug|Any CPU
		{B86DC226-E07C-496F-A5D0-45F07CA79AAE}.Release|Any CPU.ActiveCfg = Release|Any CPU
		{B86DC226-E07C-496F-A5D0-45F07CA79AAE}.Release|Any CPU.Build.0 = Release|Any CPU
	EndGlobalSection
	GlobalSection(SolutionProperties) = preSolution
		HideSolutionNode = FALSE
	EndGlobalSection
EndGlobal
